
Microsoft Visual Studio Solution File, Format Version 12.00
# Visual Studio 15
VisualStudioVersion = 15.0.27004.2010
MinimumVisualStudioVersion = 10.0.40219.1
Project("{FAE04EC0-301F-11D3-BF4B-00C04F79EFBC}") = "MapsTest.Android", "MapsTest\MapsTest.Android\MapsTest.Android.csproj", "{D1BD3B72-E687-4CB8-A484-2A5C1212389F}"
EndProject
Project("{FAE04EC0-301F-11D3-BF4B-00C04F79EFBC}") = "MapsTest", "MapsTest\MapsTest\MapsTest.csproj", "{766D693C-444E-431E-840B-6D3C1D5DD28F}"
EndProject
Project("{FAE04EC0-301F-11D3-BF4B-00C04F79EFBC}") = "MapsTest.iOS", "MapsTest\MapsTest.iOS\MapsTest.iOS.csproj", "{29C1C115-8E1B-460B-8959-A9C549229152}"
EndProject
Global
	GlobalSection(SolutionConfigurationPlatforms) = preSolution
		Ad-Hoc|Any CPU = Ad-Hoc|Any CPU
		Ad-Hoc|iPhone = Ad-Hoc|iPhone
		Ad-Hoc|iPhoneSimulator = Ad-Hoc|iPhoneSimulator
		AppStore|Any CPU = AppStore|Any CPU
		AppStore|iPhone = AppStore|iPhone
		AppStore|iPhoneSimulator = AppStore|iPhoneSimulator
		Debug|Any CPU = Debug|Any CPU
		Debug|iPhone = Debug|iPhone
		Debug|iPhoneSimulator = Debug|iPhoneSimulator
		Release|Any CPU = Release|Any CPU
		Release|iPhone = Release|iPhone
		Release|iPhoneSimulator = Release|iPhoneSimulator
	EndGlobalSection
	GlobalSection(ProjectConfigurationPlatforms) = postSolution
		{D1BD3B72-E687-4CB8-A484-2A5C1212389F}.Ad-Hoc|Any CPU.ActiveCfg = Release|Any CPU
		{D1BD3B72-E687-4CB8-A484-2A5C1212389F}.Ad-Hoc|Any CPU.Build.0 = Release|Any CPU
		{D1BD3B72-E687-4CB8-A484-2A5C1212389F}.Ad-Hoc|Any CPU.Deploy.0 = Release|Any CPU
		{D1BD3B72-E687-4CB8-A484-2A5C1212389F}.Ad-Hoc|iPhone.ActiveCfg = Release|Any CPU
		{D1BD3B72-E687-4CB8-A484-2A5C1212389F}.Ad-Hoc|iPhone.Build.0 = Release|Any CPU
		{D1BD3B72-E687-4CB8-A484-2A5C1212389F}.Ad-Hoc|iPhone.Deploy.0 = Release|Any CPU
		{D1BD3B72-E687-4CB8-A484-2A5C1212389F}.Ad-Hoc|iPhoneSimulator.ActiveCfg = Release|Any CPU
		{D1BD3B72-E687-4CB8-A484-2A5C1212389F}.Ad-Hoc|iPhoneSimulator.Build.0 = Release|Any CPU
		{D1BD3B72-E687-4CB8-A484-2A5C1212389F}.Ad-Hoc|iPhoneSimulator.Deploy.0 = Release|Any CPU
		{D1BD3B72-E687-4CB8-A484-2A5C1212389F}.AppStore|Any CPU.ActiveCfg = Release|Any CPU
		{D1BD3B72-E687-4CB8-A484-2A5C1212389F}.AppStore|Any CPU.Build.0 = Release|Any CPU
		{D1BD3B72-E687-4CB8-A484-2A5C1212389F}.AppStore|Any CPU.Deploy.0 = Release|Any CPU
		{D1BD3B72-E687-4CB8-A484-2A5C1212389F}.AppStore|iPhone.ActiveCfg = Release|Any CPU
		{D1BD3B72-E687-4CB8-A484-2A5C1212389F}.AppStore|iPhone.Build.0 = Release|Any CPU
		{D1BD3B72-E687-4CB8-A484-2A5C1212389F}.AppStore|iPhone.Deploy.0 = Release|Any CPU
		{D1BD3B72-E687-4CB8-A484-2A5C1212389F}.AppStore|iPhoneSimulator.ActiveCfg = Release|Any CPU
		{D1BD3B72-E687-4CB8-A484-2A5C1212389F}.AppStore|iPhoneSimulator.Build.0 = Release|Any CPU
		{D1BD3B72-E687-4CB8-A484-2A5C1212389F}.AppStore|iPhoneSimulator.Deploy.0 = Release|Any CPU
		{D1BD3B72-E687-4CB8-A484-2A5C1212389F}.Debug|Any CPU.ActiveCfg = Debug|Any CPU
		{D1BD3B72-E687-4CB8-A484-2A5C1212389F}.Debug|Any CPU.Build.0 = Debug|Any CPU
		{D1BD3B72-E687-4CB8-A484-2A5C1212389F}.Debug|Any CPU.Deploy.0 = Debug|Any CPU
		{D1BD3B72-E687-4CB8-A484-2A5C1212389F}.Debug|iPhone.ActiveCfg = Debug|Any CPU
		{D1BD3B72-E687-4CB8-A484-2A5C1212389F}.Debug|iPhone.Build.0 = Debug|Any CPU
		{D1BD3B72-E687-4CB8-A484-2A5C1212389F}.Debug|iPhone.Deploy.0 = Debug|Any CPU
		{D1BD3B72-E687-4CB8-A484-2A5C1212389F}.Debug|iPhoneSimulator.ActiveCfg = Debug|Any CPU
		{D1BD3B72-E687-4CB8-A484-2A5C1212389F}.Debug|iPhoneSimulator.Build.0 = Debug|Any CPU
		{D1BD3B72-E687-4CB8-A484-2A5C1212389F}.Debug|iPhoneSimulator.Deploy.0 = Debug|Any CPU
		{D1BD3B72-E687-4CB8-A484-2A5C1212389F}.Release|Any CPU.ActiveCfg = Release|Any CPU
		{D1BD3B72-E687-4CB8-A484-2A5C1212389F}.Release|Any CPU.Build.0 = Release|Any CPU
		{D1BD3B72-E687-4CB8-A484-2A5C1212389F}.Release|Any CPU.Deploy.0 = Release|Any CPU
		{D1BD3B72-E687-4CB8-A484-2A5C1212389F}.Release|iPhone.ActiveCfg = Release|Any CPU
		{D1BD3B72-E687-4CB8-A484-2A5C1212389F}.Release|iPhone.Build.0 = Release|Any CPU
		{D1BD3B72-E687-4CB8-A484-2A5C1212389F}.Release|iPhone.Deploy.0 = Release|Any CPU
		{D1BD3B72-E687-4CB8-A484-2A5C1212389F}.Release|iPhoneSimulator.ActiveCfg = Release|Any CPU
		{D1BD3B72-E687-4CB8-A484-2A5C1212389F}.Release|iPhoneSimulator.Build.0 = Release|Any CPU
		{D1BD3B72-E687-4CB8-A484-2A5C1212389F}.Release|iPhoneSimulator.Deploy.0 = Release|Any CPU
		{766D693C-444E-431E-840B-6D3C1D5DD28F}.Ad-Hoc|Any CPU.ActiveCfg = Release|Any CPU
		{766D693C-444E-431E-840B-6D3C1D5DD28F}.Ad-Hoc|Any CPU.Build.0 = Release|Any CPU
		{766D693C-444E-431E-840B-6D3C1D5DD28F}.Ad-Hoc|iPhone.ActiveCfg = Release|Any CPU
		{766D693C-444E-431E-840B-6D3C1D5DD28F}.Ad-Hoc|iPhone.Build.0 = Release|Any CPU
		{766D693C-444E-431E-840B-6D3C1D5DD28F}.Ad-Hoc|iPhoneSimulator.ActiveCfg = Release|Any CPU
		{766D693C-444E-431E-840B-6D3C1D5DD28F}.Ad-Hoc|iPhoneSimulator.Build.0 = Release|Any CPU
		{766D693C-444E-431E-840B-6D3C1D5DD28F}.AppStore|Any CPU.ActiveCfg = Release|Any CPU
		{766D693C-444E-431E-840B-6D3C1D5DD28F}.AppStore|Any CPU.Build.0 = Release|Any CPU
		{766D693C-444E-431E-840B-6D3C1D5DD28F}.AppStore|iPhone.ActiveCfg = Release|Any CPU
		{766D693C-444E-431E-840B-6D3C1D5DD28F}.AppStore|iPhone.Build.0 = Release|Any CPU
		{766D693C-444E-431E-840B-6D3C1D5DD28F}.AppStore|iPhoneSimulator.ActiveCfg = Release|Any CPU
		{766D693C-444E-431E-840B-6D3C1D5DD28F}.AppStore|iPhoneSimulator.Build.0 = Release|Any CPU
		{766D693C-444E-431E-840B-6D3C1D5DD28F}.Debug|Any CPU.ActiveCfg = Debug|Any CPU
		{766D693C-444E-431E-840B-6D3C1D5DD28F}.Debug|Any CPU.Build.0 = Debug|Any CPU
		{766D693C-444E-431E-840B-6D3C1D5DD28F}.Debug|iPhone.ActiveCfg = Debug|Any CPU
		{766D693C-444E-431E-840B-6D3C1D5DD28F}.Debug|iPhone.Build.0 = Debug|Any CPU
		{766D693C-444E-431E-840B-6D3C1D5DD28F}.Debug|iPhoneSimulator.ActiveCfg = Debug|Any CPU
		{766D693C-444E-431E-840B-6D3C1D5DD28F}.Debug|iPhoneSimulator.Build.0 = Debug|Any CPU
		{766D693C-444E-431E-840B-6D3C1D5DD28F}.Release|Any CPU.ActiveCfg = Release|Any CPU
		{766D693C-444E-431E-840B-6D3C1D5DD28F}.Release|Any CPU.Build.0 = Release|Any CPU
		{766D693C-444E-431E-840B-6D3C1D5DD28F}.Release|iPhone.ActiveCfg = Release|Any CPU
		{766D693C-444E-431E-840B-6D3C1D5DD28F}.Release|iPhone.Build.0 = Release|Any CPU
		{766D693C-444E-431E-840B-6D3C1D5DD28F}.Release|iPhoneSimulator.ActiveCfg = Release|Any CPU
		{766D693C-444E-431E-840B-6D3C1D5DD28F}.Release|iPhoneSimulator.Build.0 = Release|Any CPU
		{29C1C115-8E1B-460B-8959-A9C549229152}.Ad-Hoc|Any CPU.ActiveCfg = Ad-Hoc|iPhoneSimulator
		{29C1C115-8E1B-460B-8959-A9C549229152}.Ad-Hoc|iPhone.ActiveCfg = Ad-Hoc|iPhone
		{29C1C115-8E1B-460B-8959-A9C549229152}.Ad-Hoc|iPhone.Build.0 = Ad-Hoc|iPhone
		{29C1C115-8E1B-460B-8959-A9C549229152}.Ad-Hoc|iPhoneSimulator.ActiveCfg = Ad-Hoc|iPhoneSimulator
		{29C1C115-8E1B-460B-8959-A9C549229152}.Ad-Hoc|iPhoneSimulator.Build.0 = Ad-Hoc|iPhoneSimulator
		{29C1C115-8E1B-460B-8959-A9C549229152}.AppStore|Any CPU.ActiveCfg = AppStore|iPhoneSimulator
		{29C1C115-8E1B-460B-8959-A9C549229152}.AppStore|iPhone.ActiveCfg = AppStore|iPhone
		{29C1C115-8E1B-460B-8959-A9C549229152}.AppStore|iPhone.Build.0 = AppStore|iPhone
		{29C1C115-8E1B-460B-8959-A9C549229152}.AppStore|iPhoneSimulator.ActiveCfg = AppStore|iPhoneSimulator
		{29C1C115-8E1B-460B-8959-A9C549229152}.AppStore|iPhoneSimulator.Build.0 = AppStore|iPhoneSimulator
		{29C1C115-8E1B-460B-8959-A9C549229152}.Debug|Any CPU.ActiveCfg = Debug|iPhoneSimulator
		{29C1C115-8E1B-460B-8959-A9C549229152}.Debug|iPhone.ActiveCfg = Debug|iPhone
		{29C1C115-8E1B-460B-8959-A9C549229152}.Debug|iPhone.Build.0 = Debug|iPhone
		{29C1C115-8E1B-460B-8959-A9C549229152}.Debug|iPhoneSimulator.ActiveCfg = Debug|iPhoneSimulator
		{29C1C115-8E1B-460B-8959-A9C549229152}.Debug|iPhoneSimulator.Build.0 = Debug|iPhoneSimulator
		{29C1C115-8E1B-460B-8959-A9C549229152}.Release|Any CPU.ActiveCfg = Release|iPhoneSimulator
		{29C1C115-8E1B-460B-8959-A9C549229152}.Release|iPhone.ActiveCfg = Release|iPhone
		{29C1C115-8E1B-460B-8959-A9C549229152}.Release|iPhone.Build.0 = Release|iPhone
		{29C1C115-8E1B-460B-8959-A9C549229152}.Release|iPhoneSimulator.ActiveCfg = Release|iPhoneSimulator
		{29C1C115-8E1B-460B-8959-A9C549229152}.Release|iPhoneSimulator.Build.0 = Release|iPhoneSimulator
	EndGlobalSection
	GlobalSection(SolutionProperties) = preSolution
		HideSolutionNode = FALSE
	EndGlobalSection
	GlobalSection(ExtensibilityGlobals) = postSolution
		SolutionGuid = {4771EA81-B55F-4A21-AE68-3A44DA8ABC22}
	EndGlobalSection
EndGlobal
